{
  "requires": true,
  "lockfileVersion": 1,
  "dependencies": {
    "@material/animation": {
      "version": "0.39.0",
      "resolved": "https://registry.npmjs.org/@material/animation/-/animation-0.39.0.tgz",
      "integrity": "sha512-f3BGCba0GdYY+eGFnK0L08HLyljgEyBvMLoJoutP225IpvzsLLTqumL/796nFCsouWn6E3G+8BUVjAtzTjU2lA=="
    },
    "@material/base": {
      "version": "0.39.0",
      "resolved": "https://registry.npmjs.org/@material/base/-/base-0.39.0.tgz",
      "integrity": "sha512-B+vMqnOR2JU2dzv/5UPKQUAZAj739pMkJkt3Zy7sJaQnw3j8wTKxiUMUhd9ZHaPx1FBlUNMn2PwOq8YZIn0svA=="
    },
    "@material/floating-label": {
      "version": "0.40.0",
      "resolved": "https://registry.npmjs.org/@material/floating-label/-/floating-label-0.40.0.tgz",
      "integrity": "sha512-p+jngOd3r5UOeKkYZrQfFzLvWkWRupRMYQgEoz7EWbhTHEWG5s2vcFVxPPC70HgInvS5O7g5DN7OvK/lZJcs3g==",
      "requires": {
        "@material/animation": "^0.39.0",
        "@material/base": "^0.39.0",
        "@material/rtl": "^0.39.1",
        "@material/theme": "^0.40.0",
        "@material/typography": "^0.39.0"
      }
    },
    "@material/line-ripple": {
      "version": "0.40.0",
      "resolved": "https://registry.npmjs.org/@material/line-ripple/-/line-ripple-0.40.0.tgz",
      "integrity": "sha512-tDeFiKqEhGzDAxLZoljLFBQs2mq2OJnD/Xno2IP/vCE6eoP98Wo0BvzorNUZESjepQGYarUPeZgZeFz9+hnsjQ==",
      "requires": {
        "@material/animation": "^0.39.0",
        "@material/base": "^0.39.0",
        "@material/theme": "^0.40.0"
      }
    },
    "@material/notched-outline": {
      "version": "0.40.0",
      "resolved": "https://registry.npmjs.org/@material/notched-outline/-/notched-outline-0.40.0.tgz",
      "integrity": "sha512-a+18JRtvDWjr353fo5ovoAQTIxkUsCBEzGDY2GR5/TIQOXMajEfGbfrP3UnO4QZpdKX2dwDq5t8ESCNJSje/aA==",
      "requires": {
        "@material/animation": "^0.39.0",
        "@material/base": "^0.39.0",
        "@material/rtl": "^0.39.1",
        "@material/shape": "^0.40.0",
        "@material/theme": "^0.40.0"
      }
    },
    "@material/ripple": {
      "version": "0.40.0",
      "resolved": "https://registry.npmjs.org/@material/ripple/-/ripple-0.40.0.tgz",
      "integrity": "sha512-eFLIJm7nk389EWysBtucRuGulGiwRlAREDN4J2wzUwdkz64btgpC5/RADyiEpuXkej8omfosodh3FXMsiEKInQ==",
      "requires": {
        "@material/animation": "^0.39.0",
        "@material/base": "^0.39.0",
        "@material/theme": "^0.40.0"
      }
    },
    "@material/rtl": {
      "version": "0.39.1",
      "resolved": "https://registry.npmjs.org/@material/rtl/-/rtl-0.39.1.tgz",
      "integrity": "sha512-6RcXv6tQladbl+SboEHUykiDAz7dE5DjBuLNV0KD7yEUCcUV41WXZ5e4oUd1nDWnK0vHzFtNM7D6BGMPZ2T3zA=="
    },
    "@material/shape": {
      "version": "0.40.0",
      "resolved": "https://registry.npmjs.org/@material/shape/-/shape-0.40.0.tgz",
      "integrity": "sha512-UsCnvCPln2//uI0YF/sqCtOWLgA5mzCl68+f/f283K4k21imGrHDAi093xDyy1LAUWyC1IVR+/RYVKXbHLtBlA=="
    },
    "@material/textfield": {
      "version": "0.40.0",
      "resolved": "https://registry.npmjs.org/@material/textfield/-/textfield-0.40.0.tgz",
      "integrity": "sha512-x8Rw4g2jAyCBoaVkXGxGmkfiTG/r5jkZgnNQYsBfLUlQWId+fHvB3eN3mbfUpKREwPOS8tWHa0LIZjFgdKYJHw==",
      "requires": {
        "@material/animation": "^0.39.0",
        "@material/base": "^0.39.0",
        "@material/floating-label": "^0.40.0",
        "@material/line-ripple": "^0.40.0",
        "@material/notched-outline": "^0.40.0",
        "@material/ripple": "^0.40.0",
        "@material/rtl": "^0.39.1",
        "@material/shape": "^0.40.0",
        "@material/theme": "^0.40.0",
        "@material/typography": "^0.39.0"
      }
    },
    "@material/theme": {
      "version": "0.40.0",
      "resolved": "https://registry.npmjs.org/@material/theme/-/theme-0.40.0.tgz",
      "integrity": "sha512-t4Xn15IaM7bAg8EWDkuzfx8xafMXjcMn+cnriPRtZOQ9X8R2gPSIuIQ36EwqFWpGTGMftXJkOEM/KmMLf3rKnQ=="
    },
    "@material/typography": {
      "version": "0.39.0",
      "resolved": "https://registry.npmjs.org/@material/typography/-/typography-0.39.0.tgz",
      "integrity": "sha512-S7YTR2mXuAaPvsgX6jyT1YvWQhH2xHWi+SKJvlunoF/Dw6vq6Ud+APmqigHVRPNCcFt4zkbM7C64IxYjjkIApQ=="
    }
  }
}
